github.com/golang/glog v1.2.4 h1:CNNw5U8lSiiBk7druxtSHHTsRWcxKoac6kZKm2peBBc=
github.com/golang/glog v1.2.4/go.mod h1:6AhwSGph0fcJtXVM/PEHPqZlFeoLxhs7/t5UDAwmO+w=
github.com/mark3labs/mcp-go v0.18.0 h1:YuhgIVjNlTG2ZOwmrkORWyPTp0dz1opPEqvsPtySXao=
github.com/mark3labs/mcp-go v0.18.0/go.mod h1:KmJndYv7GIgcPVwEKJjNcbhVQ+hJGJhrCCB/9xITzpE=
github.com/sashabaranov/go-openai v1.38.1 h1:TtZabbFQZa1nEni/IhVtDF/WQjVqDgd+cWR5OeddzF8=
github.com/sashabaranov/go-openai v1.38.1/go.mod h1:lj5b/K+zjTSFxVLijLSTDZuP7adOgerWeFyZLUhAKRg=
github.com/yosida95/uritemplate/v3 v3.0.2 h1:Ed3Oyj9yrmi9087+NczuL5BwkIc4wvTb5zIM+UJPGz4=
github.com/yosida95/uritemplate/v3 v3.0.2/go.mod h1:ILOh0sOhIJR3+L/8afwt/kE++YT040gmv5BQTMR2HP4=
